<?xml version="1.0" encoding="utf-8"?>
<Project ToolsVersion="4.0" xmlns="http://schemas.microsoft.com/developer/msbuild/2003">
  <ItemGroup>
    <Filter Include="Source Files">
      <UniqueIdentifier>{4FC737F1-C7A5-4376-A066-2A32D752A2FF}</UniqueIdentifier>
      <Extensions>cpp;cc;cxx;def;odl;idl;hpj;bat;asm;asmx</Extensions>
    </Filter>
    <Filter Include="Header Files">
      <UniqueIdentifier>{93995380-89BD-4b04-88EB-625FBE52EBFB}</UniqueIdentifier>
      <Extensions>h;hpp;hxx;hm;inl;inc;xsd</Extensions>
    </Filter>
    <Filter Include="Resource Files">
      <UniqueIdentifier>{67DA6AB6-F800-4c08-8B7A-83BB121AAD01}</UniqueIdentifier>
      <Extensions>rc;ico;cur;bmp;dlg;rc2;rct;bin;rgs;gif;jpg;jpeg;jpe;resx;tiff;tif;png;wav</Extensions>
    </Filter>
    <Filter Include="Modules">
      <UniqueIdentifier>{a9e4bdc3-910a-46cc-a692-cb576c2bfd36}</UniqueIdentifier>
      <Extensions>c</Extensions>
    </Filter>
    <Filter Include="Foreign Code">
      <UniqueIdentifier>{5bcb6fc7-e9a5-41ff-832a-55920c3ff319}</UniqueIdentifier>
    </Filter>
  </ItemGroup>
  <ItemGroup>
    <ClCompile Include="..\..\src\deark-bitmap.c">
      <Filter>Source Files</Filter>
    </ClCompile>
    <ClCompile Include="..\..\src\deark-char.c">
      <Filter>Source Files</Filter>
    </ClCompile>
    <ClCompile Include="..\..\src\deark-cmd.c">
      <Filter>Source Files</Filter>
    </ClCompile>
    <ClCompile Include="..\..\src\deark-data.c">
      <Filter>Source Files</Filter>
    </ClCompile>
    <ClCompile Include="..\..\src\deark-dbuf.c">
      <Filter>Source Files</Filter>
    </ClCompile>
    <ClCompile Include="..\..\src\deark-font.c">
      <Filter>Source Files</Filter>
    </ClCompile>
    <ClCompile Include="..\..\src\deark-modules.c">
      <Filter>Source Files</Filter>
    </ClCompile>
    <ClCompile Include="..\..\src\deark-tar.c">
      <Filter>Source Files</Filter>
    </ClCompile>
    <ClCompile Include="..\..\src\deark-ucstring.c">
      <Filter>Source Files</Filter>
    </ClCompile>
    <ClCompile Include="..\..\src\deark-unix.c">
      <Filter>Source Files</Filter>
    </ClCompile>
    <ClCompile Include="..\..\src\deark-user.c">
      <Filter>Source Files</Filter>
    </ClCompile>
    <ClCompile Include="..\..\src\deark-util.c">
      <Filter>Source Files</Filter>
    </ClCompile>
    <ClCompile Include="..\..\src\deark-win.c">
      <Filter>Source Files</Filter>
    </ClCompile>
    <ClCompile Include="..\..\modules\abk.c">
      <Filter>Modules</Filter>
    </ClCompile>
    <ClCompile Include="..\..\modules\alphabmp.c">
      <Filter>Modules</Filter>
    </ClCompile>
    <ClCompile Include="..\..\modules\amigaicon.c">
      <Filter>Modules</Filter>
    </ClCompile>
    <ClCompile Include="..\..\modules\ansiart.c">
      <Filter>Modules</Filter>
    </ClCompile>
    <ClCompile Include="..\..\modules\apm.c">
      <Filter>Modules</Filter>
    </ClCompile>
    <ClCompile Include="..\..\modules\apple2-dsk.c">
      <Filter>Modules</Filter>
    </ClCompile>
    <ClCompile Include="..\..\modules\applesd.c">
      <Filter>Modules</Filter>
    </ClCompile>
    <ClCompile Include="..\..\modules\ar.c">
      <Filter>Modules</Filter>
    </ClCompile>
    <ClCompile Include="..\..\modules\arcfs.c">
      <Filter>Modules</Filter>
    </ClCompile>
    <ClCompile Include="..\..\modules\asf.c">
      <Filter>Modules</Filter>
    </ClCompile>
    <ClCompile Include="..\..\modules\atari-dsk.c">
      <Filter>Modules</Filter>
    </ClCompile>
    <ClCompile Include="..\..\modules\atari-img.c">
      <Filter>Modules</Filter>
    </ClCompile>
    <ClCompile Include="..\..\modules\autocad.c">
      <Filter>Modules</Filter>
    </ClCompile>
    <ClCompile Include="..\..\modules\awbm.c">
      <Filter>Modules</Filter>
    </ClCompile>
    <ClCompile Include="..\..\modules\basic-c64.c">
      <Filter>Modules</Filter>
    </ClCompile>
    <ClCompile Include="..\..\modules\binhex.c">
      <Filter>Modules</Filter>
    </ClCompile>
    <ClCompile Include="..\..\modules\bintext.c">
      <Filter>Modules</Filter>
    </ClCompile>
    <ClCompile Include="..\..\modules\bmff.c">
      <Filter>Modules</Filter>
    </ClCompile>
    <ClCompile Include="..\..\modules\bmi.c">
      <Filter>Modules</Filter>
    </ClCompile>
    <ClCompile Include="..\..\modules\bmp.c">
      <Filter>Modules</Filter>
    </ClCompile>
    <ClCompile Include="..\..\modules\bpg.c">
      <Filter>Modules</Filter>
    </ClCompile>
    <ClCompile Include="..\..\modules\bsave.c">
      <Filter>Modules</Filter>
    </ClCompile>
    <ClCompile Include="..\..\modules\cab.c">
      <Filter>Modules</Filter>
    </ClCompile>
    <ClCompile Include="..\..\modules\cardfile.c">
      <Filter>Modules</Filter>
    </ClCompile>
    <ClCompile Include="..\..\modules\cfb.c">
      <Filter>Modules</Filter>
    </ClCompile>
    <ClCompile Include="..\..\modules\cpio.c">
      <Filter>Modules</Filter>
    </ClCompile>
    <ClCompile Include="..\..\modules\d64.c">
      <Filter>Modules</Filter>
    </ClCompile>
    <ClCompile Include="..\..\modules\drhalo.c">
      <Filter>Modules</Filter>
    </ClCompile>
    <ClCompile Include="..\..\modules\dsstore.c">
      <Filter>Modules</Filter>
    </ClCompile>
    <ClCompile Include="..\..\modules\ebml.c">
      <Filter>Modules</Filter>
    </ClCompile>
    <ClCompile Include="..\..\modules\emf.c">
      <Filter>Modules</Filter>
    </ClCompile>
    <ClCompile Include="..\..\modules\epocimage.c">
      <Filter>Modules</Filter>
    </ClCompile>
    <ClCompile Include="..\..\modules\eps.c">
      <Filter>Modules</Filter>
    </ClCompile>
    <ClCompile Include="..\..\modules\exe.c">
      <Filter>Modules</Filter>
    </ClCompile>
    <ClCompile Include="..\..\modules\flac.c">
      <Filter>Modules</Filter>
    </ClCompile>
    <ClCompile Include="..\..\modules\flif.c">
      <Filter>Modules</Filter>
    </ClCompile>
    <ClCompile Include="..\..\modules\fnt.c">
      <Filter>Modules</Filter>
    </ClCompile>
    <ClCompile Include="..\..\modules\gemfont.c">
      <Filter>Modules</Filter>
    </ClCompile>
    <ClCompile Include="..\..\modules\gemmeta.c">
      <Filter>Modules</Filter>
    </ClCompile>
    <ClCompile Include="..\..\modules\gemras.c">
      <Filter>Modules</Filter>
    </ClCompile>
    <ClCompile Include="..\..\modules\gif.c">
      <Filter>Modules</Filter>
    </ClCompile>
    <ClCompile Include="..\..\modules\grasp.c">
      <Filter>Modules</Filter>
    </ClCompile>
    <ClCompile Include="..\..\modules\grob.c">
      <Filter>Modules</Filter>
    </ClCompile>
    <ClCompile Include="..\..\modules\gzip.c">
      <Filter>Modules</Filter>
    </ClCompile>
    <ClCompile Include="..\..\modules\hfs.c">
      <Filter>Modules</Filter>
    </ClCompile>
    <ClCompile Include="..\..\modules\hlp.c">
      <Filter>Modules</Filter>
    </ClCompile>
    <ClCompile Include="..\..\modules\iccprofile.c">
      <Filter>Modules</Filter>
    </ClCompile>
    <ClCompile Include="..\..\modules\icns.c">
      <Filter>Modules</Filter>
    </ClCompile>
    <ClCompile Include="..\..\modules\ico.c">
      <Filter>Modules</Filter>
    </ClCompile>
    <ClCompile Include="..\..\modules\id3.c">
      <Filter>Modules</Filter>
    </ClCompile>
    <ClCompile Include="..\..\modules\iff.c">
      <Filter>Modules</Filter>
    </ClCompile>
    <ClCompile Include="..\..\modules\ilbm.c">
      <Filter>Modules</Filter>
    </ClCompile>
    <ClCompile Include="..\..\modules\insetpix.c">
      <Filter>Modules</Filter>
    </ClCompile>
    <ClCompile Include="..\..\modules\iptc.c">
      <Filter>Modules</Filter>
    </ClCompile>
    <ClCompile Include="..\..\modules\iso9660.c">
      <Filter>Modules</Filter>
    </ClCompile>
    <ClCompile Include="..\..\modules\j2c.c">
      <Filter>Modules</Filter>
    </ClCompile>
    <ClCompile Include="..\..\modules\jbf.c">
      <Filter>Modules</Filter>
    </ClCompile>
    <ClCompile Include="..\..\modules\jovianvi.c">
      <Filter>Modules</Filter>
    </ClCompile>
    <ClCompile Include="..\..\modules\jpeg.c">
      <Filter>Modules</Filter>
    </ClCompile>
    <ClCompile Include="..\..\modules\lha.c">
      <Filter>Modules</Filter>
    </ClCompile>
    <ClCompile Include="..\..\modules\macbinary.c">
      <Filter>Modules</Filter>
    </ClCompile>
    <ClCompile Include="..\..\modules\macpaint.c">
      <Filter>Modules</Filter>
    </ClCompile>
    <ClCompile Include="..\..\modules\macrsrc.c">
      <Filter>Modules</Filter>
    </ClCompile>
    <ClCompile Include="..\..\modules\makichan.c">
      <Filter>Modules</Filter>
    </ClCompile>
    <ClCompile Include="..\..\modules\mbk.c">
      <Filter>Modules</Filter>
    </ClCompile>
    <ClCompile Include="..\..\modules\megapaint.c">
      <Filter>Modules</Filter>
    </ClCompile>
    <ClCompile Include="..\..\modules\misc.c">
      <Filter>Modules</Filter>
    </ClCompile>
    <ClCompile Include="..\..\modules\mp3.c">
      <Filter>Modules</Filter>
    </ClCompile>
    <ClCompile Include="..\..\modules\mscompress.c">
      <Filter>Modules</Filter>
    </ClCompile>
    <ClCompile Include="..\..\modules\msp.c">
      <Filter>Modules</Filter>
    </ClCompile>
    <ClCompile Include="..\..\modules\nokia.c">
      <Filter>Modules</Filter>
    </ClCompile>
    <ClCompile Include="..\..\modules\ogg.c">
      <Filter>Modules</Filter>
    </ClCompile>
    <ClCompile Include="..\..\modules\ole1.c">
      <Filter>Modules</Filter>
    </ClCompile>
    <ClCompile Include="..\..\modules\olepropset.c">
      <Filter>Modules</Filter>
    </ClCompile>
    <ClCompile Include="..\..\modules\os2bmp.c">
      <Filter>Modules</Filter>
    </ClCompile>
    <ClCompile Include="..\..\modules\palmbitmap.c">
      <Filter>Modules</Filter>
    </ClCompile>
    <ClCompile Include="..\..\modules\palmpdb.c">
      <Filter>Modules</Filter>
    </ClCompile>
    <ClCompile Include="..\..\modules\pcf.c">
      <Filter>Modules</Filter>
    </ClCompile>
    <ClCompile Include="..\..\modules\pcpaint.c">
      <Filter>Modules</Filter>
    </ClCompile>
    <ClCompile Include="..\..\modules\pcx.c">
      <Filter>Modules</Filter>
    </ClCompile>
    <ClCompile Include="..\..\modules\pff2.c">
      <Filter>Modules</Filter>
    </ClCompile>
    <ClCompile Include="..\..\modules\pict.c">
      <Filter>Modules</Filter>
    </ClCompile>
    <ClCompile Include="..\..\modules\pkfont.c">
      <Filter>Modules</Filter>
    </ClCompile>
    <ClCompile Include="..\..\modules\plist.c">
      <Filter>Modules</Filter>
    </ClCompile>
    <ClCompile Include="..\..\modules\png.c">
      <Filter>Modules</Filter>
    </ClCompile>
    <ClCompile Include="..\..\modules\pnm.c">
      <Filter>Modules</Filter>
    </ClCompile>
    <ClCompile Include="..\..\modules\portfolio.c">
      <Filter>Modules</Filter>
    </ClCompile>
    <ClCompile Include="..\..\modules\printptnr.c">
      <Filter>Modules</Filter>
    </ClCompile>
    <ClCompile Include="..\..\modules\printshop.c">
      <Filter>Modules</Filter>
    </ClCompile>
    <ClCompile Include="..\..\modules\psd.c">
      <Filter>Modules</Filter>
    </ClCompile>
    <ClCompile Include="..\..\modules\psf.c">
      <Filter>Modules</Filter>
    </ClCompile>
    <ClCompile Include="..\..\modules\psionapp.c">
      <Filter>Modules</Filter>
    </ClCompile>
    <ClCompile Include="..\..\modules\psionpic.c">
      <Filter>Modules</Filter>
    </ClCompile>
    <ClCompile Include="..\..\modules\qtif.c">
      <Filter>Modules</Filter>
    </ClCompile>
    <ClCompile Include="..\..\modules\riff.c">
      <Filter>Modules</Filter>
    </ClCompile>
    <ClCompile Include="..\..\modules\rm.c">
      <Filter>Modules</Filter>
    </ClCompile>
    <ClCompile Include="..\..\modules\rodraw.c">
      <Filter>Modules</Filter>
    </ClCompile>
    <ClCompile Include="..\..\modules\rosprite.c">
      <Filter>Modules</Filter>
    </ClCompile>
    <ClCompile Include="..\..\modules\rpm.c">
      <Filter>Modules</Filter>
    </ClCompile>
    <ClCompile Include="..\..\modules\rsc.c">
      <Filter>Modules</Filter>
    </ClCompile>
    <ClCompile Include="..\..\modules\sauce.c">
      <Filter>Modules</Filter>
    </ClCompile>
    <ClCompile Include="..\..\modules\shg.c">
      <Filter>Modules</Filter>
    </ClCompile>
    <ClCompile Include="..\..\modules\sis.c">
      <Filter>Modules</Filter>
    </ClCompile>
    <ClCompile Include="..\..\modules\spectrum512.c">
      <Filter>Modules</Filter>
    </ClCompile>
    <ClCompile Include="..\..\modules\stuffit.c">
      <Filter>Modules</Filter>
    </ClCompile>
    <ClCompile Include="..\..\modules\sunras.c">
      <Filter>Modules</Filter>
    </ClCompile>
    <ClCompile Include="..\..\modules\t64.c">
      <Filter>Modules</Filter>
    </ClCompile>
    <ClCompile Include="..\..\modules\tar.c">
      <Filter>Modules</Filter>
    </ClCompile>
    <ClCompile Include="..\..\modules\tga.c">
      <Filter>Modules</Filter>
    </ClCompile>
    <ClCompile Include="..\..\modules\tiff.c">
      <Filter>Modules</Filter>
    </ClCompile>
    <ClCompile Include="..\..\modules\tim.c">
      <Filter>Modules</Filter>
    </ClCompile>
    <ClCompile Include="..\..\modules\tivariable.c">
      <Filter>Modules</Filter>
    </ClCompile>
    <ClCompile Include="..\..\modules\unifont.c">
      <Filter>Modules</Filter>
    </ClCompile>
    <ClCompile Include="..\..\modules\unsupported.c">
      <Filter>Modules</Filter>
    </ClCompile>
    <ClCompile Include="..\..\modules\vort.c">
      <Filter>Modules</Filter>
    </ClCompile>
    <ClCompile Include="..\..\modules\wad.c">
      <Filter>Modules</Filter>
    </ClCompile>
    <ClCompile Include="..\..\modules\wmf.c">
      <Filter>Modules</Filter>
    </ClCompile>
    <ClCompile Include="..\..\modules\wpg.c">
      <Filter>Modules</Filter>
    </ClCompile>
    <ClCompile Include="..\..\modules\wri.c">
      <Filter>Modules</Filter>
    </ClCompile>
    <ClCompile Include="..\..\modules\xface.c">
      <Filter>Modules</Filter>
    </ClCompile>
    <ClCompile Include="..\..\modules\xfer.c">
      <Filter>Modules</Filter>
    </ClCompile>
    <ClCompile Include="..\..\modules\zip.c">
      <Filter>Modules</Filter>
    </ClCompile>
    <ClCompile Include="..\..\modules\zoo.c">
      <Filter>Modules</Filter>
    </ClCompile>
    <ClCompile Include="..\..\modules\officeart.c">
      <Filter>Modules</Filter>
    </ClCompile>
    <ClCompile Include="..\..\modules\afcp.c">
      <Filter>Modules</Filter>
    </ClCompile>
    <ClCompile Include="..\..\modules\arc.c">
      <Filter>Modules</Filter>
    </ClCompile>
    <ClCompile Include="..\..\src\fmtutil.c">
      <Filter>Source Files</Filter>
    </ClCompile>
    <ClCompile Include="..\..\src\fmtutil-cmpr.c">
      <Filter>Source Files</Filter>
    </ClCompile>
    <ClCompile Include="..\..\src\deark-png.c">
      <Filter>Source Files</Filter>
    </ClCompile>
    <ClCompile Include="..\..\src\deark-zip.c">
      <Filter>Source Files</Filter>
    </ClCompile>
    <ClCompile Include="..\..\src\fmtutil-miniz.c">
      <Filter>Source Files</Filter>
    </ClCompile>
    <ClCompile Include="..\..\src\fmtutil-zoo.c">
      <Filter>Source Files</Filter>
    </ClCompile>
    <ClCompile Include="..\..\modules\packdir.c">
      <Filter>Modules</Filter>
    </ClCompile>
    <ClCompile Include="..\..\src\fmtutil-zip.c">
      <Filter>Source Files</Filter>
    </ClCompile>
    <ClCompile Include="..\..\modules\ccx.c">
      <Filter>Modules</Filter>
    </ClCompile>
    <ClCompile Include="..\..\src\fmtutil-lzw.c">
      <Filter>Source Files</Filter>
    </ClCompile>
    <ClCompile Include="..\..\modules\nie.c">
      <Filter>Modules</Filter>
    </ClCompile>
    <ClCompile Include="..\..\src\fmtutil-advfile.c">
      <Filter>Source Files</Filter>
    </ClCompile>
    <ClCompile Include="..\..\modules\fli.c">
      <Filter>Modules</Filter>
    </ClCompile>
    <ClCompile Include="..\..\modules\amiga-dsk.c">
      <Filter>Modules</Filter>
    </ClCompile>
    <ClCompile Include="..\..\modules\fat.c">
      <Filter>Modules</Filter>
    </ClCompile>
    <ClCompile Include="..\..\modules\crush.c">
      <Filter>Modules</Filter>
    </ClCompile>
  </ItemGroup>
  <ItemGroup>
    <ClInclude Include="..\..\src\deark-config.h">
      <Filter>Header Files</Filter>
    </ClInclude>
    <ClInclude Include="..\..\src\deark-fmtutil.h">
      <Filter>Header Files</Filter>
    </ClInclude>
    <ClInclude Include="..\..\src\deark-modules.h">
      <Filter>Header Files</Filter>
    </ClInclude>
    <ClInclude Include="..\..\src\deark-private.h">
      <Filter>Header Files</Filter>
    </ClInclude>
    <ClInclude Include="..\..\src\deark-user.h">
      <Filter>Header Files</Filter>
    </ClInclude>
    <ClInclude Include="..\..\src\deark.h">
      <Filter>Header Files</Filter>
    </ClInclude>
    <ClInclude Include="..\..\foreign\miniz.h">
      <Filter>Foreign Code</Filter>
    </ClInclude>
    <ClInclude Include="..\..\foreign\uncompface.h">
      <Filter>Foreign Code</Filter>
    </ClInclude>
    <ClInclude Include="..\..\foreign\unsit.h">
      <Filter>Foreign Code</Filter>
    </ClInclude>
    <ClInclude Include="..\..\foreign\unimplode6a.h">
      <Filter>Foreign Code</Filter>
    </ClInclude>
    <ClInclude Include="..\..\foreign\ozunreduce.h">
      <Filter>Foreign Code</Filter>
    </ClInclude>
    <ClInclude Include="..\..\foreign\unzoo-lzh.h">
      <Filter>Foreign Code</Filter>
    </ClInclude>
    <ClInclude Include="..\..\foreign\delzw.h">
      <Filter>Foreign Code</Filter>
    </ClInclude>
    <ClInclude Include="..\..\src\deark-version.h">
      <Filter>Header Files</Filter>
    </ClInclude>
  </ItemGroup>
  <ItemGroup>
    <ResourceCompile Include="..\..\src\deark.rc">
      <Filter>Resource Files</Filter>
    </ResourceCompile>
  </ItemGroup>
  <ItemGroup>
    <Manifest Include="..\..\src\deark.manifest">
      <Filter>Resource Files</Filter>
    </Manifest>
  </ItemGroup>
</Project>